
Microsoft Visual Studio Solution File, Format Version 12.00
# Visual Studio 2017
Project("{FAE04EC0-301F-11D3-BF4B-00C04F79EFBC}") = "mod2_lab1", "mod2_lab1.csproj", "{0FDAC86B-C7B0-4457-8D0B-C73C6E72E71C}"
EndProject
Global
	GlobalSection(SolutionConfigurationPlatforms) = preSolution
		Debug|Any CPU = Debug|Any CPU
		Release|Any CPU = Release|Any CPU
	EndGlobalSection
	GlobalSection(ProjectConfigurationPlatforms) = postSolution
		{0FDAC86B-C7B0-4457-8D0B-C73C6E72E71C}.Debug|Any CPU.ActiveCfg = Debug|Any CPU
		{0FDAC86B-C7B0-4457-8D0B-C73C6E72E71C}.Debug|Any CPU.Build.0 = Debug|Any CPU
		{0FDAC86B-C7B0-4457-8D0B-C73C6E72E71C}.Release|Any CPU.ActiveCfg = Release|Any CPU
		{0FDAC86B-C7B0-4457-8D0B-C73C6E72E71C}.Release|Any CPU.Build.0 = Release|Any CPU
	EndGlobalSection
EndGlobal
